
Microsoft Visual Studio Solution File, Format Version 12.00
# Visual Studio Version 16
VisualStudioVersion = 16.0.29102.190
MinimumVisualStudioVersion = 10.0.40219.1
Project("{FAE04EC0-301F-11D3-BF4B-00C04F79EFBC}") = "DecimalEx", "DecimalEx\DecimalEx.csproj", "{13287E0A-967F-40AB-BD51-DC5309071EC0}"
EndProject
Project("{FAE04EC0-301F-11D3-BF4B-00C04F79EFBC}") = "DecimalEx.Tests", "DecimalEx.Tests\DecimalEx.Tests.csproj", "{5930549A-38DA-4759-A686-A8B8DAAD7E26}"
EndProject
Project("{FAE04EC0-301F-11D3-BF4B-00C04F79EFBC}") = "Decimal2D", "Decimal2D\Decimal2D.csproj", "{D8244074-A23E-4B7D-87F1-D2F346987C01}"
EndProject
Project("{FAE04EC0-301F-11D3-BF4B-00C04F79EFBC}") = "Decimal2D.Tests", "Decimal2D.Tests\Decimal2D.Tests.csproj", "{EE341DA3-CC60-49CB-9493-4CB826D0A3F5}"
EndProject
Global
	GlobalSection(SolutionConfigurationPlatforms) = preSolution
		Debug|Any CPU = Debug|Any CPU
		Release|Any CPU = Release|Any CPU
	EndGlobalSection
	GlobalSection(ProjectConfigurationPlatforms) = postSolution
		{13287E0A-967F-40AB-BD51-DC5309071EC0}.Debug|Any CPU.ActiveCfg = Debug|Any CPU
		{13287E0A-967F-40AB-BD51-DC5309071EC0}.Debug|Any CPU.Build.0 = Debug|Any CPU
		{13287E0A-967F-40AB-BD51-DC5309071EC0}.Release|Any CPU.ActiveCfg = Release|Any CPU
		{13287E0A-967F-40AB-BD51-DC5309071EC0}.Release|Any CPU.Build.0 = Release|Any CPU
		{5930549A-38DA-4759-A686-A8B8DAAD7E26}.Debug|Any CPU.ActiveCfg = Debug|Any CPU
		{5930549A-38DA-4759-A686-A8B8DAAD7E26}.Debug|Any CPU.Build.0 = Debug|Any CPU
		{5930549A-38DA-4759-A686-A8B8DAAD7E26}.Release|Any CPU.ActiveCfg = Release|Any CPU
		{5930549A-38DA-4759-A686-A8B8DAAD7E26}.Release|Any CPU.Build.0 = Release|Any CPU
		{D8244074-A23E-4B7D-87F1-D2F346987C01}.Debug|Any CPU.ActiveCfg = Debug|Any CPU
		{D8244074-A23E-4B7D-87F1-D2F346987C01}.Debug|Any CPU.Build.0 = Debug|Any CPU
		{D8244074-A23E-4B7D-87F1-D2F346987C01}.Release|Any CPU.ActiveCfg = Release|Any CPU
		{D8244074-A23E-4B7D-87F1-D2F346987C01}.Release|Any CPU.Build.0 = Release|Any CPU
		{EE341DA3-CC60-49CB-9493-4CB826D0A3F5}.Debug|Any CPU.ActiveCfg = Debug|Any CPU
		{EE341DA3-CC60-49CB-9493-4CB826D0A3F5}.Debug|Any CPU.Build.0 = Debug|Any CPU
		{EE341DA3-CC60-49CB-9493-4CB826D0A3F5}.Release|Any CPU.ActiveCfg = Release|Any CPU
		{EE341DA3-CC60-49CB-9493-4CB826D0A3F5}.Release|Any CPU.Build.0 = Release|Any CPU
	EndGlobalSection
	GlobalSection(SolutionProperties) = preSolution
		HideSolutionNode = FALSE
	EndGlobalSection
	GlobalSection(ExtensibilityGlobals) = postSolution
		SolutionGuid = {2351AA99-520D-4524-87CE-7978C8EFB2B1}
	EndGlobalSection
EndGlobal
