
Microsoft Visual Studio Solution File, Format Version 12.00
# Visual Studio 2013
VisualStudioVersion = 12.0.31101.0
MinimumVisualStudioVersion = 10.0.40219.1
Project("{FAE04EC0-301F-11D3-BF4B-00C04F79EFBC}") = "MathExtensions", "MathExt\MathExtensions.csproj", "{13287E0A-967F-40AB-BD51-DC5309071EC0}"
EndProject
Project("{FAE04EC0-301F-11D3-BF4B-00C04F79EFBC}") = "MathExtensions.Tests", "MathExtensions.Tests\MathExtensions.Tests.csproj", "{5930549A-38DA-4759-A686-A8B8DAAD7E26}"
EndProject
Global
	GlobalSection(SolutionConfigurationPlatforms) = preSolution
		Debug|Any CPU = Debug|Any CPU
		Release|Any CPU = Release|Any CPU
	EndGlobalSection
	GlobalSection(ProjectConfigurationPlatforms) = postSolution
		{13287E0A-967F-40AB-BD51-DC5309071EC0}.Debug|Any CPU.ActiveCfg = Debug|Any CPU
		{13287E0A-967F-40AB-BD51-DC5309071EC0}.Debug|Any CPU.Build.0 = Debug|Any CPU
		{13287E0A-967F-40AB-BD51-DC5309071EC0}.Release|Any CPU.ActiveCfg = Release|Any CPU
		{13287E0A-967F-40AB-BD51-DC5309071EC0}.Release|Any CPU.Build.0 = Release|Any CPU
		{5930549A-38DA-4759-A686-A8B8DAAD7E26}.Debug|Any CPU.ActiveCfg = Debug|Any CPU
		{5930549A-38DA-4759-A686-A8B8DAAD7E26}.Debug|Any CPU.Build.0 = Debug|Any CPU
		{5930549A-38DA-4759-A686-A8B8DAAD7E26}.Release|Any CPU.ActiveCfg = Release|Any CPU
		{5930549A-38DA-4759-A686-A8B8DAAD7E26}.Release|Any CPU.Build.0 = Release|Any CPU
	EndGlobalSection
	GlobalSection(SolutionProperties) = preSolution
		HideSolutionNode = FALSE
	EndGlobalSection
EndGlobal
